{
  "version": "5",
  "specifiers": {
    "jsr:@std/fs@*": "1.0.19",
    "jsr:@std/internal@^1.0.10": "1.0.10",
    "jsr:@std/internal@^1.0.9": "1.0.10",
    "jsr:@std/path@^1.1.1": "1.1.2"
  },
  "jsr": {
    "@std/fs@1.0.19": {
      "integrity": "051968c2b1eae4d2ea9f79a08a3845740ef6af10356aff43d3e2ef11ed09fb06",
      "dependencies": [
        "jsr:@std/internal@^1.0.9",
        "jsr:@std/path"
      ]
    },
    "@std/internal@1.0.10": {
      "integrity": "e3be62ce42cab0e177c27698e5d9800122f67b766a0bea6ca4867886cbde8cf7"
    },
    "@std/path@1.1.2": {
      "integrity": "c0b13b97dfe06546d5e16bf3966b1cadf92e1cc83e56ba5476ad8b498d9e3038",
      "dependencies": [
        "jsr:@std/internal@^1.0.10"
      ]
    }
  },
  "workspace": {
    "packageJson": {
      "dependencies": [
        "npm:@angular/build@^20.2.1",
        "npm:@angular/cli@^20.2.1",
        "npm:@angular/common@^20.2.0",
        "npm:@angular/compiler-cli@^20.2.0",
        "npm:@angular/compiler@^20.2.0",
        "npm:@angular/core@^20.2.0",
        "npm:@angular/forms@^20.2.0",
        "npm:@angular/platform-browser@^20.2.0",
        "npm:@angular/platform-server@^20.2.0",
        "npm:@angular/router@^20.2.0",
        "npm:@angular/ssr@^20.2.1",
        "npm:@types/express@^5.0.1",
        "npm:@types/jasmine@5.1",
        "npm:@types/node@^20.17.19",
        "npm:@xprng/markdown@^2.1.0",
        "npm:express@^5.1.0",
        "npm:jasmine-core@5.9",
        "npm:karma-chrome-launcher@3.2",
        "npm:karma-coverage@2.2",
        "npm:karma-jasmine-html-reporter@2.1",
        "npm:karma-jasmine@5.1",
        "npm:karma@6.4",
        "npm:marked-shiki@^1.2.1",
        "npm:marked@^16.3.0",
        "npm:rxjs@7.8",
        "npm:shiki@^3.13.0",
        "npm:tslib@^2.3.0",
        "npm:typescript@~5.9.2"
      ]
    }
  }
}
